
Microsoft Visual Studio Solution File, Format Version 12.00
# Visual Studio 14
VisualStudioVersion = 14.0.25420.1
MinimumVisualStudioVersion = 10.0.40219.1
Project("{2150E333-8FDC-42A3-9474-1A3956D46DE8}") = "W01", "W01", "{692C6259-3FC2-4F54-BCD8-AA2E1B70DD70}"
EndProject
Project("{2150E333-8FDC-42A3-9474-1A3956D46DE8}") = "W02", "W02", "{7A528174-1D7B-4889-9AA0-EE66428C3A3A}"
EndProject
Project("{2150E333-8FDC-42A3-9474-1A3956D46DE8}") = "W03", "W03", "{5F690A9E-0FA2-4828-BA13-C9C7C83E91F3}"
EndProject
Project("{2150E333-8FDC-42A3-9474-1A3956D46DE8}") = "W04", "W04", "{D2830DCE-A00C-4D99-81FA-521A672EF588}"
EndProject
Project("{8BC9CEB8-8B4A-11D0-8D11-00A0C91BC942}") = "W01Q1", "W01\W01Q1\Q1.vcxproj", "{AFC0ACEA-2BE9-4896-87E1-ABB2D80D6D49}"
EndProject
Project("{8BC9CEB8-8B4A-11D0-8D11-00A0C91BC942}") = "W01Q2", "W01\W01Q2\Q2.vcxproj", "{F2878D54-25D8-4B34-A797-537A8C39D40B}"
EndProject
Project("{8BC9CEB8-8B4A-11D0-8D11-00A0C91BC942}") = "W01Q3", "W01\W01Q3\Q3.vcxproj", "{32B081DA-3643-464E-B960-A3A825179015}"
EndProject
Project("{8BC9CEB8-8B4A-11D0-8D11-00A0C91BC942}") = "W01Q4", "W01\W01Q4\Q4.vcxproj", "{39E1FCEE-62D3-411F-8DA9-AA779D39BA78}"
EndProject
Project("{8BC9CEB8-8B4A-11D0-8D11-00A0C91BC942}") = "W02Q1", "W02\W2Q1\W2Q1.vcxproj", "{F6B234CD-43EA-497C-A4C8-2950FE3B593D}"
EndProject
Project("{8BC9CEB8-8B4A-11D0-8D11-00A0C91BC942}") = "W02Q2", "W02\W2Q2\W2Q2.vcxproj", "{C1952082-FA76-4F62-9E2B-4D3A3F10CF7B}"
EndProject
Project("{8BC9CEB8-8B4A-11D0-8D11-00A0C91BC942}") = "W02Q3", "W02\W2Q3\W2Q3.vcxproj", "{0A80AD7A-ADE1-4943-8B36-37E0CE6935C6}"
EndProject
Project("{8BC9CEB8-8B4A-11D0-8D11-00A0C91BC942}") = "W02Q4", "W02\W2Q4\W2Q4.vcxproj", "{6253A839-53C7-4CAF-A0B5-01BE6B6ADB41}"
EndProject
Project("{8BC9CEB8-8B4A-11D0-8D11-00A0C91BC942}") = "W03Q1", "W03\W03Q1\W03Q1.vcxproj", "{748C67D5-0484-4FD5-A9B2-8A727FFE8DC0}"
EndProject
Project("{8BC9CEB8-8B4A-11D0-8D11-00A0C91BC942}") = "W03Q2", "W03\W03Q2\W03Q2.vcxproj", "{821F9D9F-A6EE-49AB-82F2-25A81692BF66}"
EndProject
Project("{8BC9CEB8-8B4A-11D0-8D11-00A0C91BC942}") = "W03Q3", "W03\W03Q3\W03Q3.vcxproj", "{B2FF45A0-E43E-4DFC-9115-929661B64EA5}"
EndProject
Project("{8BC9CEB8-8B4A-11D0-8D11-00A0C91BC942}") = "W04Q1", "W04\W04Q1\W04Q1.vcxproj", "{DF4CDE00-273F-426C-AC1D-416DB4476963}"
EndProject
Project("{8BC9CEB8-8B4A-11D0-8D11-00A0C91BC942}") = "W04Q2", "W04\W04Q2\W04Q2\W04Q2.vcxproj", "{ACD278A8-F964-4C16-B7FE-2BA0630E8242}"
EndProject
Project("{8BC9CEB8-8B4A-11D0-8D11-00A0C91BC942}") = "W04Q3", "W04\W04Q3\W04Q3.vcxproj", "{B6D0F544-3F5B-4829-9931-4165AE267F1F}"
EndProject
Project("{2150E333-8FDC-42A3-9474-1A3956D46DE8}") = "W06", "W06", "{1F29BDAD-CD35-4772-9B69-9CA9B80644E4}"
EndProject
Project("{8BC9CEB8-8B4A-11D0-8D11-00A0C91BC942}") = "W06Q1", "W06\W06Q1\W06Q1.vcxproj", "{5F8198AF-8E5D-45DE-B933-ACACFB3F94C4}"
EndProject
Project("{2150E333-8FDC-42A3-9474-1A3956D46DE8}") = "W05", "W05", "{CA2E20F4-FE56-4443-BFE5-59624D6B93FE}"
EndProject
Project("{8BC9CEB8-8B4A-11D0-8D11-00A0C91BC942}") = "W05Q1", "W05\W05Q1\W05Q1.vcxproj", "{639C9B5A-A8F6-479D-BB4B-312F63A0F304}"
EndProject
Global
	GlobalSection(SolutionConfigurationPlatforms) = preSolution
		Debug|x64 = Debug|x64
		Debug|x86 = Debug|x86
		Release|x64 = Release|x64
		Release|x86 = Release|x86
	EndGlobalSection
	GlobalSection(ProjectConfigurationPlatforms) = postSolution
		{AFC0ACEA-2BE9-4896-87E1-ABB2D80D6D49}.Debug|x64.ActiveCfg = Debug|x64
		{AFC0ACEA-2BE9-4896-87E1-ABB2D80D6D49}.Debug|x64.Build.0 = Debug|x64
		{AFC0ACEA-2BE9-4896-87E1-ABB2D80D6D49}.Debug|x86.ActiveCfg = Debug|Win32
		{AFC0ACEA-2BE9-4896-87E1-ABB2D80D6D49}.Debug|x86.Build.0 = Debug|Win32
		{AFC0ACEA-2BE9-4896-87E1-ABB2D80D6D49}.Release|x64.ActiveCfg = Release|x64
		{AFC0ACEA-2BE9-4896-87E1-ABB2D80D6D49}.Release|x64.Build.0 = Release|x64
		{AFC0ACEA-2BE9-4896-87E1-ABB2D80D6D49}.Release|x86.ActiveCfg = Release|Win32
		{AFC0ACEA-2BE9-4896-87E1-ABB2D80D6D49}.Release|x86.Build.0 = Release|Win32
		{F2878D54-25D8-4B34-A797-537A8C39D40B}.Debug|x64.ActiveCfg = Debug|x64
		{F2878D54-25D8-4B34-A797-537A8C39D40B}.Debug|x64.Build.0 = Debug|x64
		{F2878D54-25D8-4B34-A797-537A8C39D40B}.Debug|x86.ActiveCfg = Debug|Win32
		{F2878D54-25D8-4B34-A797-537A8C39D40B}.Debug|x86.Build.0 = Debug|Win32
		{F2878D54-25D8-4B34-A797-537A8C39D40B}.Release|x64.ActiveCfg = Release|x64
		{F2878D54-25D8-4B34-A797-537A8C39D40B}.Release|x64.Build.0 = Release|x64
		{F2878D54-25D8-4B34-A797-537A8C39D40B}.Release|x86.ActiveCfg = Release|Win32
		{F2878D54-25D8-4B34-A797-537A8C39D40B}.Release|x86.Build.0 = Release|Win32
		{32B081DA-3643-464E-B960-A3A825179015}.Debug|x64.ActiveCfg = Debug|x64
		{32B081DA-3643-464E-B960-A3A825179015}.Debug|x64.Build.0 = Debug|x64
		{32B081DA-3643-464E-B960-A3A825179015}.Debug|x86.ActiveCfg = Debug|Win32
		{32B081DA-3643-464E-B960-A3A825179015}.Debug|x86.Build.0 = Debug|Win32
		{32B081DA-3643-464E-B960-A3A825179015}.Release|x64.ActiveCfg = Release|x64
		{32B081DA-3643-464E-B960-A3A825179015}.Release|x64.Build.0 = Release|x64
		{32B081DA-3643-464E-B960-A3A825179015}.Release|x86.ActiveCfg = Release|Win32
		{32B081DA-3643-464E-B960-A3A825179015}.Release|x86.Build.0 = Release|Win32
		{39E1FCEE-62D3-411F-8DA9-AA779D39BA78}.Debug|x64.ActiveCfg = Debug|x64
		{39E1FCEE-62D3-411F-8DA9-AA779D39BA78}.Debug|x64.Build.0 = Debug|x64
		{39E1FCEE-62D3-411F-8DA9-AA779D39BA78}.Debug|x86.ActiveCfg = Debug|Win32
		{39E1FCEE-62D3-411F-8DA9-AA779D39BA78}.Debug|x86.Build.0 = Debug|Win32
		{39E1FCEE-62D3-411F-8DA9-AA779D39BA78}.Release|x64.ActiveCfg = Release|x64
		{39E1FCEE-62D3-411F-8DA9-AA779D39BA78}.Release|x64.Build.0 = Release|x64
		{39E1FCEE-62D3-411F-8DA9-AA779D39BA78}.Release|x86.ActiveCfg = Release|Win32
		{39E1FCEE-62D3-411F-8DA9-AA779D39BA78}.Release|x86.Build.0 = Release|Win32
		{F6B234CD-43EA-497C-A4C8-2950FE3B593D}.Debug|x64.ActiveCfg = Debug|x64
		{F6B234CD-43EA-497C-A4C8-2950FE3B593D}.Debug|x64.Build.0 = Debug|x64
		{F6B234CD-43EA-497C-A4C8-2950FE3B593D}.Debug|x86.ActiveCfg = Debug|Win32
		{F6B234CD-43EA-497C-A4C8-2950FE3B593D}.Debug|x86.Build.0 = Debug|Win32
		{F6B234CD-43EA-497C-A4C8-2950FE3B593D}.Release|x64.ActiveCfg = Release|x64
		{F6B234CD-43EA-497C-A4C8-2950FE3B593D}.Release|x64.Build.0 = Release|x64
		{F6B234CD-43EA-497C-A4C8-2950FE3B593D}.Release|x86.ActiveCfg = Release|Win32
		{F6B234CD-43EA-497C-A4C8-2950FE3B593D}.Release|x86.Build.0 = Release|Win32
		{C1952082-FA76-4F62-9E2B-4D3A3F10CF7B}.Debug|x64.ActiveCfg = Debug|x64
		{C1952082-FA76-4F62-9E2B-4D3A3F10CF7B}.Debug|x64.Build.0 = Debug|x64
		{C1952082-FA76-4F62-9E2B-4D3A3F10CF7B}.Debug|x86.ActiveCfg = Debug|Win32
		{C1952082-FA76-4F62-9E2B-4D3A3F10CF7B}.Debug|x86.Build.0 = Debug|Win32
		{C1952082-FA76-4F62-9E2B-4D3A3F10CF7B}.Release|x64.ActiveCfg = Release|x64
		{C1952082-FA76-4F62-9E2B-4D3A3F10CF7B}.Release|x64.Build.0 = Release|x64
		{C1952082-FA76-4F62-9E2B-4D3A3F10CF7B}.Release|x86.ActiveCfg = Release|Win32
		{C1952082-FA76-4F62-9E2B-4D3A3F10CF7B}.Release|x86.Build.0 = Release|Win32
		{0A80AD7A-ADE1-4943-8B36-37E0CE6935C6}.Debug|x64.ActiveCfg = Debug|x64
		{0A80AD7A-ADE1-4943-8B36-37E0CE6935C6}.Debug|x64.Build.0 = Debug|x64
		{0A80AD7A-ADE1-4943-8B36-37E0CE6935C6}.Debug|x86.ActiveCfg = Debug|Win32
		{0A80AD7A-ADE1-4943-8B36-37E0CE6935C6}.Debug|x86.Build.0 = Debug|Win32
		{0A80AD7A-ADE1-4943-8B36-37E0CE6935C6}.Release|x64.ActiveCfg = Release|x64
		{0A80AD7A-ADE1-4943-8B36-37E0CE6935C6}.Release|x64.Build.0 = Release|x64
		{0A80AD7A-ADE1-4943-8B36-37E0CE6935C6}.Release|x86.ActiveCfg = Release|Win32
		{0A80AD7A-ADE1-4943-8B36-37E0CE6935C6}.Release|x86.Build.0 = Release|Win32
		{6253A839-53C7-4CAF-A0B5-01BE6B6ADB41}.Debug|x64.ActiveCfg = Debug|x64
		{6253A839-53C7-4CAF-A0B5-01BE6B6ADB41}.Debug|x64.Build.0 = Debug|x64
		{6253A839-53C7-4CAF-A0B5-01BE6B6ADB41}.Debug|x86.ActiveCfg = Debug|Win32
		{6253A839-53C7-4CAF-A0B5-01BE6B6ADB41}.Debug|x86.Build.0 = Debug|Win32
		{6253A839-53C7-4CAF-A0B5-01BE6B6ADB41}.Release|x64.ActiveCfg = Release|x64
		{6253A839-53C7-4CAF-A0B5-01BE6B6ADB41}.Release|x64.Build.0 = Release|x64
		{6253A839-53C7-4CAF-A0B5-01BE6B6ADB41}.Release|x86.ActiveCfg = Release|Win32
		{6253A839-53C7-4CAF-A0B5-01BE6B6ADB41}.Release|x86.Build.0 = Release|Win32
		{748C67D5-0484-4FD5-A9B2-8A727FFE8DC0}.Debug|x64.ActiveCfg = Debug|x64
		{748C67D5-0484-4FD5-A9B2-8A727FFE8DC0}.Debug|x64.Build.0 = Debug|x64
		{748C67D5-0484-4FD5-A9B2-8A727FFE8DC0}.Debug|x86.ActiveCfg = Debug|Win32
		{748C67D5-0484-4FD5-A9B2-8A727FFE8DC0}.Debug|x86.Build.0 = Debug|Win32
		{748C67D5-0484-4FD5-A9B2-8A727FFE8DC0}.Release|x64.ActiveCfg = Release|x64
		{748C67D5-0484-4FD5-A9B2-8A727FFE8DC0}.Release|x64.Build.0 = Release|x64
		{748C67D5-0484-4FD5-A9B2-8A727FFE8DC0}.Release|x86.ActiveCfg = Release|Win32
		{748C67D5-0484-4FD5-A9B2-8A727FFE8DC0}.Release|x86.Build.0 = Release|Win32
		{821F9D9F-A6EE-49AB-82F2-25A81692BF66}.Debug|x64.ActiveCfg = Debug|x64
		{821F9D9F-A6EE-49AB-82F2-25A81692BF66}.Debug|x64.Build.0 = Debug|x64
		{821F9D9F-A6EE-49AB-82F2-25A81692BF66}.Debug|x86.ActiveCfg = Debug|Win32
		{821F9D9F-A6EE-49AB-82F2-25A81692BF66}.Debug|x86.Build.0 = Debug|Win32
		{821F9D9F-A6EE-49AB-82F2-25A81692BF66}.Release|x64.ActiveCfg = Release|x64
		{821F9D9F-A6EE-49AB-82F2-25A81692BF66}.Release|x64.Build.0 = Release|x64
		{821F9D9F-A6EE-49AB-82F2-25A81692BF66}.Release|x86.ActiveCfg = Release|Win32
		{821F9D9F-A6EE-49AB-82F2-25A81692BF66}.Release|x86.Build.0 = Release|Win32
		{B2FF45A0-E43E-4DFC-9115-929661B64EA5}.Debug|x64.ActiveCfg = Debug|x64
		{B2FF45A0-E43E-4DFC-9115-929661B64EA5}.Debug|x64.Build.0 = Debug|x64
		{B2FF45A0-E43E-4DFC-9115-929661B64EA5}.Debug|x86.ActiveCfg = Debug|Win32
		{B2FF45A0-E43E-4DFC-9115-929661B64EA5}.Debug|x86.Build.0 = Debug|Win32
		{B2FF45A0-E43E-4DFC-9115-929661B64EA5}.Release|x64.ActiveCfg = Release|x64
		{B2FF45A0-E43E-4DFC-9115-929661B64EA5}.Release|x64.Build.0 = Release|x64
		{B2FF45A0-E43E-4DFC-9115-929661B64EA5}.Release|x86.ActiveCfg = Release|Win32
		{B2FF45A0-E43E-4DFC-9115-929661B64EA5}.Release|x86.Build.0 = Release|Win32
		{DF4CDE00-273F-426C-AC1D-416DB4476963}.Debug|x64.ActiveCfg = Debug|x64
		{DF4CDE00-273F-426C-AC1D-416DB4476963}.Debug|x64.Build.0 = Debug|x64
		{DF4CDE00-273F-426C-AC1D-416DB4476963}.Debug|x86.ActiveCfg = Debug|Win32
		{DF4CDE00-273F-426C-AC1D-416DB4476963}.Debug|x86.Build.0 = Debug|Win32
		{DF4CDE00-273F-426C-AC1D-416DB4476963}.Release|x64.ActiveCfg = Release|x64
		{DF4CDE00-273F-426C-AC1D-416DB4476963}.Release|x64.Build.0 = Release|x64
		{DF4CDE00-273F-426C-AC1D-416DB4476963}.Release|x86.ActiveCfg = Release|Win32
		{DF4CDE00-273F-426C-AC1D-416DB4476963}.Release|x86.Build.0 = Release|Win32
		{ACD278A8-F964-4C16-B7FE-2BA0630E8242}.Debug|x64.ActiveCfg = Debug|x64
		{ACD278A8-F964-4C16-B7FE-2BA0630E8242}.Debug|x64.Build.0 = Debug|x64
		{ACD278A8-F964-4C16-B7FE-2BA0630E8242}.Debug|x86.ActiveCfg = Debug|Win32
		{ACD278A8-F964-4C16-B7FE-2BA0630E8242}.Debug|x86.Build.0 = Debug|Win32
		{ACD278A8-F964-4C16-B7FE-2BA0630E8242}.Release|x64.ActiveCfg = Release|x64
		{ACD278A8-F964-4C16-B7FE-2BA0630E8242}.Release|x64.Build.0 = Release|x64
		{ACD278A8-F964-4C16-B7FE-2BA0630E8242}.Release|x86.ActiveCfg = Release|Win32
		{ACD278A8-F964-4C16-B7FE-2BA0630E8242}.Release|x86.Build.0 = Release|Win32
		{B6D0F544-3F5B-4829-9931-4165AE267F1F}.Debug|x64.ActiveCfg = Debug|x64
		{B6D0F544-3F5B-4829-9931-4165AE267F1F}.Debug|x64.Build.0 = Debug|x64
		{B6D0F544-3F5B-4829-9931-4165AE267F1F}.Debug|x86.ActiveCfg = Debug|Win32
		{B6D0F544-3F5B-4829-9931-4165AE267F1F}.Debug|x86.Build.0 = Debug|Win32
		{B6D0F544-3F5B-4829-9931-4165AE267F1F}.Release|x64.ActiveCfg = Release|x64
		{B6D0F544-3F5B-4829-9931-4165AE267F1F}.Release|x64.Build.0 = Release|x64
		{B6D0F544-3F5B-4829-9931-4165AE267F1F}.Release|x86.ActiveCfg = Release|Win32
		{B6D0F544-3F5B-4829-9931-4165AE267F1F}.Release|x86.Build.0 = Release|Win32
		{5F8198AF-8E5D-45DE-B933-ACACFB3F94C4}.Debug|x64.ActiveCfg = Debug|x64
		{5F8198AF-8E5D-45DE-B933-ACACFB3F94C4}.Debug|x64.Build.0 = Debug|x64
		{5F8198AF-8E5D-45DE-B933-ACACFB3F94C4}.Debug|x86.ActiveCfg = Debug|Win32
		{5F8198AF-8E5D-45DE-B933-ACACFB3F94C4}.Debug|x86.Build.0 = Debug|Win32
		{5F8198AF-8E5D-45DE-B933-ACACFB3F94C4}.Release|x64.ActiveCfg = Release|x64
		{5F8198AF-8E5D-45DE-B933-ACACFB3F94C4}.Release|x64.Build.0 = Release|x64
		{5F8198AF-8E5D-45DE-B933-ACACFB3F94C4}.Release|x86.ActiveCfg = Release|Win32
		{5F8198AF-8E5D-45DE-B933-ACACFB3F94C4}.Release|x86.Build.0 = Release|Win32
		{639C9B5A-A8F6-479D-BB4B-312F63A0F304}.Debug|x64.ActiveCfg = Debug|x64
		{639C9B5A-A8F6-479D-BB4B-312F63A0F304}.Debug|x64.Build.0 = Debug|x64
		{639C9B5A-A8F6-479D-BB4B-312F63A0F304}.Debug|x86.ActiveCfg = Debug|Win32
		{639C9B5A-A8F6-479D-BB4B-312F63A0F304}.Debug|x86.Build.0 = Debug|Win32
		{639C9B5A-A8F6-479D-BB4B-312F63A0F304}.Release|x64.ActiveCfg = Release|x64
		{639C9B5A-A8F6-479D-BB4B-312F63A0F304}.Release|x64.Build.0 = Release|x64
		{639C9B5A-A8F6-479D-BB4B-312F63A0F304}.Release|x86.ActiveCfg = Release|Win32
		{639C9B5A-A8F6-479D-BB4B-312F63A0F304}.Release|x86.Build.0 = Release|Win32
	EndGlobalSection
	GlobalSection(SolutionProperties) = preSolution
		HideSolutionNode = FALSE
	EndGlobalSection
	GlobalSection(NestedProjects) = preSolution
		{AFC0ACEA-2BE9-4896-87E1-ABB2D80D6D49} = {692C6259-3FC2-4F54-BCD8-AA2E1B70DD70}
		{F2878D54-25D8-4B34-A797-537A8C39D40B} = {692C6259-3FC2-4F54-BCD8-AA2E1B70DD70}
		{32B081DA-3643-464E-B960-A3A825179015} = {692C6259-3FC2-4F54-BCD8-AA2E1B70DD70}
		{39E1FCEE-62D3-411F-8DA9-AA779D39BA78} = {692C6259-3FC2-4F54-BCD8-AA2E1B70DD70}
		{F6B234CD-43EA-497C-A4C8-2950FE3B593D} = {7A528174-1D7B-4889-9AA0-EE66428C3A3A}
		{C1952082-FA76-4F62-9E2B-4D3A3F10CF7B} = {7A528174-1D7B-4889-9AA0-EE66428C3A3A}
		{0A80AD7A-ADE1-4943-8B36-37E0CE6935C6} = {7A528174-1D7B-4889-9AA0-EE66428C3A3A}
		{6253A839-53C7-4CAF-A0B5-01BE6B6ADB41} = {7A528174-1D7B-4889-9AA0-EE66428C3A3A}
		{748C67D5-0484-4FD5-A9B2-8A727FFE8DC0} = {5F690A9E-0FA2-4828-BA13-C9C7C83E91F3}
		{821F9D9F-A6EE-49AB-82F2-25A81692BF66} = {5F690A9E-0FA2-4828-BA13-C9C7C83E91F3}
		{B2FF45A0-E43E-4DFC-9115-929661B64EA5} = {5F690A9E-0FA2-4828-BA13-C9C7C83E91F3}
		{DF4CDE00-273F-426C-AC1D-416DB4476963} = {D2830DCE-A00C-4D99-81FA-521A672EF588}
		{ACD278A8-F964-4C16-B7FE-2BA0630E8242} = {D2830DCE-A00C-4D99-81FA-521A672EF588}
		{B6D0F544-3F5B-4829-9931-4165AE267F1F} = {D2830DCE-A00C-4D99-81FA-521A672EF588}
		{5F8198AF-8E5D-45DE-B933-ACACFB3F94C4} = {1F29BDAD-CD35-4772-9B69-9CA9B80644E4}
		{639C9B5A-A8F6-479D-BB4B-312F63A0F304} = {CA2E20F4-FE56-4443-BFE5-59624D6B93FE}
	EndGlobalSection
EndGlobal
